
Microsoft Visual Studio Solution File, Format Version 12.00
# Visual Studio 15
VisualStudioVersion = 15.0.27703.2000
MinimumVisualStudioVersion = 10.0.40219.1
Project("{FAE04EC0-301F-11D3-BF4B-00C04F79EFBC}") = "GlobalXSortingProblem", "GlobalXSortingProblem\GlobalXSortingProblem.csproj", "{2A56A056-C5C6-4DFA-A92C-9431EC3945D3}"
EndProject
Project("{FAE04EC0-301F-11D3-BF4B-00C04F79EFBC}") = "GlobalXSortingProblem.Tests", "GlobalXSortingProblem.Tests\GlobalXSortingProblem.Tests.csproj", "{CF334C6E-3626-429F-978D-45CA2F241DA5}"
EndProject
Global
	GlobalSection(SolutionConfigurationPlatforms) = preSolution
		Debug|Any CPU = Debug|Any CPU
		Release|Any CPU = Release|Any CPU
	EndGlobalSection
	GlobalSection(ProjectConfigurationPlatforms) = postSolution
		{2A56A056-C5C6-4DFA-A92C-9431EC3945D3}.Debug|Any CPU.ActiveCfg = Debug|Any CPU
		{2A56A056-C5C6-4DFA-A92C-9431EC3945D3}.Debug|Any CPU.Build.0 = Debug|Any CPU
		{2A56A056-C5C6-4DFA-A92C-9431EC3945D3}.Release|Any CPU.ActiveCfg = Release|Any CPU
		{2A56A056-C5C6-4DFA-A92C-9431EC3945D3}.Release|Any CPU.Build.0 = Release|Any CPU
		{CF334C6E-3626-429F-978D-45CA2F241DA5}.Debug|Any CPU.ActiveCfg = Debug|Any CPU
		{CF334C6E-3626-429F-978D-45CA2F241DA5}.Debug|Any CPU.Build.0 = Debug|Any CPU
		{CF334C6E-3626-429F-978D-45CA2F241DA5}.Release|Any CPU.ActiveCfg = Release|Any CPU
		{CF334C6E-3626-429F-978D-45CA2F241DA5}.Release|Any CPU.Build.0 = Release|Any CPU
	EndGlobalSection
	GlobalSection(SolutionProperties) = preSolution
		HideSolutionNode = FALSE
	EndGlobalSection
	GlobalSection(ExtensibilityGlobals) = postSolution
		SolutionGuid = {BF261616-1A7F-4459-AABC-6E193881F7F5}
	EndGlobalSection
EndGlobal
